
Microsoft Visual Studio Solution File, Format Version 12.00
# Visual Studio Version 16
VisualStudioVersion = 16.0.31105.61
MinimumVisualStudioVersion = 10.0.40219.1
Project("{FAE04EC0-301F-11D3-BF4B-00C04F79EFBC}") = "HashCreator", "HashCreator.csproj", "{03D706B4-6F3D-4FB5-902F-E1DF197DC468}"
EndProject
Global
	GlobalSection(SolutionConfigurationPlatforms) = preSolution
		Debug|Any CPU = Debug|Any CPU
		Release|Any CPU = Release|Any CPU
	EndGlobalSection
	GlobalSection(ProjectConfigurationPlatforms) = postSolution
		{03D706B4-6F3D-4FB5-902F-E1DF197DC468}.Debug|Any CPU.ActiveCfg = Debug|Any CPU
		{03D706B4-6F3D-4FB5-902F-E1DF197DC468}.Debug|Any CPU.Build.0 = Debug|Any CPU
		{03D706B4-6F3D-4FB5-902F-E1DF197DC468}.Release|Any CPU.ActiveCfg = Release|Any CPU
		{03D706B4-6F3D-4FB5-902F-E1DF197DC468}.Release|Any CPU.Build.0 = Release|Any CPU
	EndGlobalSection
	GlobalSection(SolutionProperties) = preSolution
		HideSolutionNode = FALSE
	EndGlobalSection
	GlobalSection(ExtensibilityGlobals) = postSolution
		SolutionGuid = {39DBA79C-1746-4957-A27E-268706DC9509}
	EndGlobalSection
EndGlobal
